
Microsoft Visual Studio Solution File, Format Version 12.00
# Visual Studio Version 17
VisualStudioVersion = 17.0.31903.59
MinimumVisualStudioVersion = 10.0.40219.1
Project("{2150E333-8FDC-42A3-9474-1A3956D46DE8}") = "src", "src", "{827E0CD3-B72D-47B6-A68D-7590B98EB39B}"
EndProject
Project("{FAE04EC0-301F-11D3-BF4B-00C04F79EFBC}") = "AmbevOrderSystem.Api", "src\AmbevOrderSystem.Api\AmbevOrderSystem.Api.csproj", "{75411958-6221-4FA8-9C12-3EECDECEB6B7}"
EndProject
Project("{FAE04EC0-301F-11D3-BF4B-00C04F79EFBC}") = "AmbevOrderSystem.Infrastructure", "src\AmbevOrderSystem.Infrastructure\AmbevOrderSystem.Infrastructure.csproj", "{A1F322D3-40F4-4AAF-9644-F96D26F3D7F0}"
EndProject
Project("{FAE04EC0-301F-11D3-BF4B-00C04F79EFBC}") = "AmbevOrderSystem.Services", "src\AmbevOrderSystem.Services\AmbevOrderSystem.Services.csproj", "{4AC4A3E9-2B60-4C52-8EBF-D2D7AB87179C}"
EndProject
Project("{FAE04EC0-301F-11D3-BF4B-00C04F79EFBC}") = "AmbevOrderSystem.Api.Tests", "tests\AmbevOrderSystem.Api.Tests\AmbevOrderSystem.Api.Tests.csproj", "{61BB9699-19EF-496F-BD93-24F16E973FB2}"
EndProject
Project("{FAE04EC0-301F-11D3-BF4B-00C04F79EFBC}") = "AmbevOrderSystem.Infrastructure.Tests", "tests\AmbevOrderSystem.Infrastructure.Tests\AmbevOrderSystem.Infrastructure.Tests.csproj", "{FF19FCC6-7926-4237-B6FA-F2E8BCAC2FEE}"
EndProject
Project("{FAE04EC0-301F-11D3-BF4B-00C04F79EFBC}") = "AmbevOrderSystem.Services.Tests", "tests\AmbevOrderSystem.Services.Tests\AmbevOrderSystem.Services.Tests.csproj", "{890D6AC5-6D41-4B2B-A43F-A3748A0B163A}"
EndProject
Project("{2150E333-8FDC-42A3-9474-1A3956D46DE8}") = "test", "test", "{02EA681E-C7D8-13C7-8484-4AC65E1B71E8}"
EndProject
Global
	GlobalSection(SolutionConfigurationPlatforms) = preSolution
		Debug|Any CPU = Debug|Any CPU
		Debug|x64 = Debug|x64
		Debug|x86 = Debug|x86
		Release|Any CPU = Release|Any CPU
		Release|x64 = Release|x64
		Release|x86 = Release|x86
	EndGlobalSection
	GlobalSection(ProjectConfigurationPlatforms) = postSolution
		{75411958-6221-4FA8-9C12-3EECDECEB6B7}.Debug|Any CPU.ActiveCfg = Debug|Any CPU
		{75411958-6221-4FA8-9C12-3EECDECEB6B7}.Debug|Any CPU.Build.0 = Debug|Any CPU
		{75411958-6221-4FA8-9C12-3EECDECEB6B7}.Debug|x64.ActiveCfg = Debug|Any CPU
		{75411958-6221-4FA8-9C12-3EECDECEB6B7}.Debug|x64.Build.0 = Debug|Any CPU
		{75411958-6221-4FA8-9C12-3EECDECEB6B7}.Debug|x86.ActiveCfg = Debug|Any CPU
		{75411958-6221-4FA8-9C12-3EECDECEB6B7}.Debug|x86.Build.0 = Debug|Any CPU
		{75411958-6221-4FA8-9C12-3EECDECEB6B7}.Release|Any CPU.ActiveCfg = Release|Any CPU
		{75411958-6221-4FA8-9C12-3EECDECEB6B7}.Release|Any CPU.Build.0 = Release|Any CPU
		{75411958-6221-4FA8-9C12-3EECDECEB6B7}.Release|x64.ActiveCfg = Release|Any CPU
		{75411958-6221-4FA8-9C12-3EECDECEB6B7}.Release|x64.Build.0 = Release|Any CPU
		{75411958-6221-4FA8-9C12-3EECDECEB6B7}.Release|x86.ActiveCfg = Release|Any CPU
		{75411958-6221-4FA8-9C12-3EECDECEB6B7}.Release|x86.Build.0 = Release|Any CPU
		{A1F322D3-40F4-4AAF-9644-F96D26F3D7F0}.Debug|Any CPU.ActiveCfg = Debug|Any CPU
		{A1F322D3-40F4-4AAF-9644-F96D26F3D7F0}.Debug|Any CPU.Build.0 = Debug|Any CPU
		{A1F322D3-40F4-4AAF-9644-F96D26F3D7F0}.Debug|x64.ActiveCfg = Debug|Any CPU
		{A1F322D3-40F4-4AAF-9644-F96D26F3D7F0}.Debug|x64.Build.0 = Debug|Any CPU
		{A1F322D3-40F4-4AAF-9644-F96D26F3D7F0}.Debug|x86.ActiveCfg = Debug|Any CPU
		{A1F322D3-40F4-4AAF-9644-F96D26F3D7F0}.Debug|x86.Build.0 = Debug|Any CPU
		{A1F322D3-40F4-4AAF-9644-F96D26F3D7F0}.Release|Any CPU.ActiveCfg = Release|Any CPU
		{A1F322D3-40F4-4AAF-9644-F96D26F3D7F0}.Release|Any CPU.Build.0 = Release|Any CPU
		{A1F322D3-40F4-4AAF-9644-F96D26F3D7F0}.Release|x64.ActiveCfg = Release|Any CPU
		{A1F322D3-40F4-4AAF-9644-F96D26F3D7F0}.Release|x64.Build.0 = Release|Any CPU
		{A1F322D3-40F4-4AAF-9644-F96D26F3D7F0}.Release|x86.ActiveCfg = Release|Any CPU
		{A1F322D3-40F4-4AAF-9644-F96D26F3D7F0}.Release|x86.Build.0 = Release|Any CPU
		{4AC4A3E9-2B60-4C52-8EBF-D2D7AB87179C}.Debug|Any CPU.ActiveCfg = Debug|Any CPU
		{4AC4A3E9-2B60-4C52-8EBF-D2D7AB87179C}.Debug|Any CPU.Build.0 = Debug|Any CPU
		{4AC4A3E9-2B60-4C52-8EBF-D2D7AB87179C}.Debug|x64.ActiveCfg = Debug|Any CPU
		{4AC4A3E9-2B60-4C52-8EBF-D2D7AB87179C}.Debug|x64.Build.0 = Debug|Any CPU
		{4AC4A3E9-2B60-4C52-8EBF-D2D7AB87179C}.Debug|x86.ActiveCfg = Debug|Any CPU
		{4AC4A3E9-2B60-4C52-8EBF-D2D7AB87179C}.Debug|x86.Build.0 = Debug|Any CPU
		{4AC4A3E9-2B60-4C52-8EBF-D2D7AB87179C}.Release|Any CPU.ActiveCfg = Release|Any CPU
		{4AC4A3E9-2B60-4C52-8EBF-D2D7AB87179C}.Release|Any CPU.Build.0 = Release|Any CPU
		{4AC4A3E9-2B60-4C52-8EBF-D2D7AB87179C}.Release|x64.ActiveCfg = Release|Any CPU
		{4AC4A3E9-2B60-4C52-8EBF-D2D7AB87179C}.Release|x64.Build.0 = Release|Any CPU
		{4AC4A3E9-2B60-4C52-8EBF-D2D7AB87179C}.Release|x86.ActiveCfg = Release|Any CPU
		{4AC4A3E9-2B60-4C52-8EBF-D2D7AB87179C}.Release|x86.Build.0 = Release|Any CPU
		{61BB9699-19EF-496F-BD93-24F16E973FB2}.Debug|Any CPU.ActiveCfg = Debug|Any CPU
		{61BB9699-19EF-496F-BD93-24F16E973FB2}.Debug|Any CPU.Build.0 = Debug|Any CPU
		{61BB9699-19EF-496F-BD93-24F16E973FB2}.Debug|x64.ActiveCfg = Debug|Any CPU
		{61BB9699-19EF-496F-BD93-24F16E973FB2}.Debug|x64.Build.0 = Debug|Any CPU
		{61BB9699-19EF-496F-BD93-24F16E973FB2}.Debug|x86.ActiveCfg = Debug|Any CPU
		{61BB9699-19EF-496F-BD93-24F16E973FB2}.Debug|x86.Build.0 = Debug|Any CPU
		{61BB9699-19EF-496F-BD93-24F16E973FB2}.Release|Any CPU.ActiveCfg = Release|Any CPU
		{61BB9699-19EF-496F-BD93-24F16E973FB2}.Release|Any CPU.Build.0 = Release|Any CPU
		{61BB9699-19EF-496F-BD93-24F16E973FB2}.Release|x64.ActiveCfg = Release|Any CPU
		{61BB9699-19EF-496F-BD93-24F16E973FB2}.Release|x64.Build.0 = Release|Any CPU
		{61BB9699-19EF-496F-BD93-24F16E973FB2}.Release|x86.ActiveCfg = Release|Any CPU
		{61BB9699-19EF-496F-BD93-24F16E973FB2}.Release|x86.Build.0 = Release|Any CPU
		{FF19FCC6-7926-4237-B6FA-F2E8BCAC2FEE}.Debug|Any CPU.ActiveCfg = Debug|Any CPU
		{FF19FCC6-7926-4237-B6FA-F2E8BCAC2FEE}.Debug|Any CPU.Build.0 = Debug|Any CPU
		{FF19FCC6-7926-4237-B6FA-F2E8BCAC2FEE}.Debug|x64.ActiveCfg = Debug|Any CPU
		{FF19FCC6-7926-4237-B6FA-F2E8BCAC2FEE}.Debug|x64.Build.0 = Debug|Any CPU
		{FF19FCC6-7926-4237-B6FA-F2E8BCAC2FEE}.Debug|x86.ActiveCfg = Debug|Any CPU
		{FF19FCC6-7926-4237-B6FA-F2E8BCAC2FEE}.Debug|x86.Build.0 = Debug|Any CPU
		{FF19FCC6-7926-4237-B6FA-F2E8BCAC2FEE}.Release|Any CPU.ActiveCfg = Release|Any CPU
		{FF19FCC6-7926-4237-B6FA-F2E8BCAC2FEE}.Release|Any CPU.Build.0 = Release|Any CPU
		{FF19FCC6-7926-4237-B6FA-F2E8BCAC2FEE}.Release|x64.ActiveCfg = Release|Any CPU
		{FF19FCC6-7926-4237-B6FA-F2E8BCAC2FEE}.Release|x64.Build.0 = Release|Any CPU
		{FF19FCC6-7926-4237-B6FA-F2E8BCAC2FEE}.Release|x86.ActiveCfg = Release|Any CPU
		{FF19FCC6-7926-4237-B6FA-F2E8BCAC2FEE}.Release|x86.Build.0 = Release|Any CPU
		{890D6AC5-6D41-4B2B-A43F-A3748A0B163A}.Debug|Any CPU.ActiveCfg = Debug|Any CPU
		{890D6AC5-6D41-4B2B-A43F-A3748A0B163A}.Debug|Any CPU.Build.0 = Debug|Any CPU
		{890D6AC5-6D41-4B2B-A43F-A3748A0B163A}.Debug|x64.ActiveCfg = Debug|Any CPU
		{890D6AC5-6D41-4B2B-A43F-A3748A0B163A}.Debug|x64.Build.0 = Debug|Any CPU
		{890D6AC5-6D41-4B2B-A43F-A3748A0B163A}.Debug|x86.ActiveCfg = Debug|Any CPU
		{890D6AC5-6D41-4B2B-A43F-A3748A0B163A}.Debug|x86.Build.0 = Debug|Any CPU
		{890D6AC5-6D41-4B2B-A43F-A3748A0B163A}.Release|Any CPU.ActiveCfg = Release|Any CPU
		{890D6AC5-6D41-4B2B-A43F-A3748A0B163A}.Release|Any CPU.Build.0 = Release|Any CPU
		{890D6AC5-6D41-4B2B-A43F-A3748A0B163A}.Release|x64.ActiveCfg = Release|Any CPU
		{890D6AC5-6D41-4B2B-A43F-A3748A0B163A}.Release|x64.Build.0 = Release|Any CPU
		{890D6AC5-6D41-4B2B-A43F-A3748A0B163A}.Release|x86.ActiveCfg = Release|Any CPU
		{890D6AC5-6D41-4B2B-A43F-A3748A0B163A}.Release|x86.Build.0 = Release|Any CPU
	EndGlobalSection
	GlobalSection(SolutionProperties) = preSolution
		HideSolutionNode = FALSE
	EndGlobalSection
	GlobalSection(NestedProjects) = preSolution
		{75411958-6221-4FA8-9C12-3EECDECEB6B7} = {827E0CD3-B72D-47B6-A68D-7590B98EB39B}
		{A1F322D3-40F4-4AAF-9644-F96D26F3D7F0} = {827E0CD3-B72D-47B6-A68D-7590B98EB39B}
		{4AC4A3E9-2B60-4C52-8EBF-D2D7AB87179C} = {827E0CD3-B72D-47B6-A68D-7590B98EB39B}
		{61BB9699-19EF-496F-BD93-24F16E973FB2} = {02EA681E-C7D8-13C7-8484-4AC65E1B71E8}
		{FF19FCC6-7926-4237-B6FA-F2E8BCAC2FEE} = {02EA681E-C7D8-13C7-8484-4AC65E1B71E8}
		{890D6AC5-6D41-4B2B-A43F-A3748A0B163A} = {02EA681E-C7D8-13C7-8484-4AC65E1B71E8}
	EndGlobalSection
EndGlobal
